// !$*UTF8*$!
{
	archiveVersion = 1;
	classes = {
	};
	objectVersion = 50;
	objects = {

/* Begin PBXBuildFile section */
		AE5DE68C21D0943D005F2206 /* AppDelegate.swift in Sources */ = {isa = PBXBuildFile; fileRef = AE5DE68B21D0943D005F2206 /* AppDelegate.swift */; };
		AE5DE68E21D0943D005F2206 /* HomeViewController.swift in Sources */ = {isa = PBXBuildFile; fileRef = AE5DE68D21D0943D005F2206 /* HomeViewController.swift */; };
		AE5DE69021D0943D005F2206 /* SettingViewController.swift in Sources */ = {isa = PBXBuildFile; fileRef = AE5DE68F21D0943D005F2206 /* SettingViewController.swift */; };
		AE5DE69321D0943D005F2206 /* Main.storyboard in Resources */ = {isa = PBXBuildFile; fileRef = AE5DE69121D0943D005F2206 /* Main.storyboard */; };
		AE5DE69521D0943D005F2206 /* Assets.xcassets in Resources */ = {isa = PBXBuildFile; fileRef = AE5DE69421D0943D005F2206 /* Assets.xcassets */; };
		AE5DE69821D0943D005F2206 /* LaunchScreen.storyboard in Resources */ = {isa = PBXBuildFile; fileRef = AE5DE69621D0943D005F2206 /* LaunchScreen.storyboard */; };
		AE5DE6A321D0943D005F2206 /* safe_doggoTests.swift in Sources */ = {isa = PBXBuildFile; fileRef = AE5DE6A221D0943D005F2206 /* safe_doggoTests.swift */; };
		AE5DE6AE21D0943D005F2206 /* safe_doggoUITests.swift in Sources */ = {isa = PBXBuildFile; fileRef = AE5DE6AD21D0943D005F2206 /* safe_doggoUITests.swift */; };
/* End PBXBuildFile section */

/* Begin PBXContainerItemProxy section */
		AE5DE69F21D0943D005F2206 /* PBXContainerItemProxy */ = {
			isa = PBXContainerItemProxy;
			containerPortal = AE5DE68021D0943D005F2206 /* Project object */;
			proxyType = 1;
			remoteGlobalIDString = AE5DE68721D0943D005F2206;
			remoteInfo = "safe-doggo";
		};
		AE5DE6AA21D0943D005F2206 /* PBXContainerItemProxy */ = {
			isa = PBXContainerItemProxy;
			containerPortal = AE5DE68021D0943D005F2206 /* Project object */;
			proxyType = 1;
			remoteGlobalIDString = AE5DE68721D0943D005F2206;
			remoteInfo = "safe-doggo";
		};
/* End PBXContainerItemProxy section */

/* Begin PBXFileReference section */
		AE5DE68821D0943D005F2206 /* safe-doggo.app */ = {isa = PBXFileReference; explicitFileType = wrapper.application; includeInIndex = 0; path = "safe-doggo.app"; sourceTree = BUILT_PRODUCTS_DIR; };
		AE5DE68B21D0943D005F2206 /* AppDelegate.swift */ = {isa = PBXFileReference; lastKnownFileType = sourcecode.swift; path = AppDelegate.swift; sourceTree = "<group>"; };
		AE5DE68D21D0943D005F2206 /* HomeViewController.swift */ = {isa = PBXFileReference; lastKnownFileType = sourcecode.swift; path = HomeViewController.swift; sourceTree = "<group>"; };
		AE5DE68F21D0943D005F2206 /* SettingViewController.swift */ = {isa = PBXFileReference; lastKnownFileType = sourcecode.swift; path = SettingViewController.swift; sourceTree = "<group>"; };
		AE5DE69221D0943D005F2206 /* Base */ = {isa = PBXFileReference; lastKnownFileType = file.storyboard; name = Base; path = Base.lproj/Main.storyboard; sourceTree = "<group>"; };
		AE5DE69421D0943D005F2206 /* Assets.xcassets */ = {isa = PBXFileReference; lastKnownFileType = folder.assetcatalog; path = Assets.xcassets; sourceTree = "<group>"; };
		AE5DE69721D0943D005F2206 /* Base */ = {isa = PBXFileReference; lastKnownFileType = file.storyboard; name = Base; path = Base.lproj/LaunchScreen.storyboard; sourceTree = "<group>"; };
		AE5DE69921D0943D005F2206 /* Info.plist */ = {isa = PBXFileReference; lastKnownFileType = text.plist.xml; path = Info.plist; sourceTree = "<group>"; };
		AE5DE69E21D0943D005F2206 /* safe-doggoTests.xctest */ = {isa = PBXFileReference; explicitFileType = wrapper.cfbundle; includeInIndex = 0; path = "safe-doggoTests.xctest"; sourceTree = BUILT_PRODUCTS_DIR; };
		AE5DE6A221D0943D005F2206 /* safe_doggoTests.swift */ = {isa = PBXFileReference; lastKnownFileType = sourcecode.swift; path = safe_doggoTests.swift; sourceTree = "<group>"; };
		AE5DE6A421D0943D005F2206 /* Info.plist */ = {isa = PBXFileReference; lastKnownFileType = text.plist.xml; path = Info.plist; sourceTree = "<group>"; };
		AE5DE6A921D0943D005F2206 /* safe-doggoUITests.xctest */ = {isa = PBXFileReference; explicitFileType = wrapper.cfbundle; includeInIndex = 0; path = "safe-doggoUITests.xctest"; sourceTree = BUILT_PRODUCTS_DIR; };
		AE5DE6AD21D0943D005F2206 /* safe_doggoUITests.swift */ = {isa = PBXFileReference; lastKnownFileType = sourcecode.swift; path = safe_doggoUITests.swift; sourceTree = "<group>"; };
		AE5DE6AF21D0943D005F2206 /* Info.plist */ = {isa = PBXFileReference; lastKnownFileType = text.plist.xml; path = Info.plist; sourceTree = "<group>"; };
/* End PBXFileReference section */

/* Begin PBXFrameworksBuildPhase section */
		AE5DE68521D0943D005F2206 /* Frameworks */ = {
			isa = PBXFrameworksBuildPhase;
			buildActionMask = 2147483647;
			files = (
			);
			runOnlyForDeploymentPostprocessing = 0;
		};
		AE5DE69B21D0943D005F2206 /* Frameworks */ = {
			isa = PBXFrameworksBuildPhase;
			buildActionMask = 2147483647;
			files = (
			);
			runOnlyForDeploymentPostprocessing = 0;
		};
		AE5DE6A621D0943D005F2206 /* Frameworks */ = {
			isa = PBXFrameworksBuildPhase;
			buildActionMask = 2147483647;
			files = (
			);
			runOnlyForDeploymentPostprocessing = 0;
		};
/* End PBXFrameworksBuildPhase section */

/* Begin PBXGroup section */
		AE5DE67F21D0943D005F2206 = {
			isa = PBXGroup;
			children = (
				AE5DE68A21D0943D005F2206 /* safe-doggo */,
				AE5DE6A121D0943D005F2206 /* safe-doggoTests */,
				AE5DE6AC21D0943D005F2206 /* safe-doggoUITests */,
				AE5DE68921D0943D005F2206 /* Products */,
			);
			sourceTree = "<group>";
		};
		AE5DE68921D0943D005F2206 /* Products */ = {
			isa = PBXGroup;
			children = (
				AE5DE68821D0943D005F2206 /* safe-doggo.app */,
				AE5DE69E21D0943D005F2206 /* safe-doggoTests.xctest */,
				AE5DE6A921D0943D005F2206 /* safe-doggoUITests.xctest */,
			);
			name = Products;
			sourceTree = "<group>";
		};
		AE5DE68A21D0943D005F2206 /* safe-doggo */ = {
			isa = PBXGroup;
			children = (
				AE5DE68B21D0943D005F2206 /* AppDelegate.swift */,
				AE5DE68D21D0943D005F2206 /* HomeViewController.swift */,
				AE5DE68F21D0943D005F2206 /* SettingViewController.swift */,
				AE5DE69121D0943D005F2206 /* Main.storyboard */,
				AE5DE69421D0943D005F2206 /* Assets.xcassets */,
				AE5DE69621D0943D005F2206 /* LaunchScreen.storyboard */,
				AE5DE69921D0943D005F2206 /* Info.plist */,
			);
			path = "safe-doggo";
			sourceTree = "<group>";
		};
		AE5DE6A121D0943D005F2206 /* safe-doggoTests */ = {
			isa = PBXGroup;
			children = (
				AE5DE6A221D0943D005F2206 /* safe_doggoTests.swift */,
				AE5DE6A421D0943D005F2206 /* Info.plist */,
			);
			path = "safe-doggoTests";
			sourceTree = "<group>";
		};
		AE5DE6AC21D0943D005F2206 /* safe-doggoUITests */ = {
			isa = PBXGroup;
			children = (
				AE5DE6AD21D0943D005F2206 /* safe_doggoUITests.swift */,
				AE5DE6AF21D0943D005F2206 /* Info.plist */,
			);
			path = "safe-doggoUITests";
			sourceTree = "<group>";
		};
/* End PBXGroup section */

/* Begin PBXNativeTarget section */
		AE5DE68721D0943D005F2206 /* safe-doggo */ = {
			isa = PBXNativeTarget;
			buildConfigurationList = AE5DE6B221D0943D005F2206 /* Build configuration list for PBXNativeTarget "safe-doggo" */;
			buildPhases = (
				AE5DE68421D0943D005F2206 /* Sources */,
				AE5DE68521D0943D005F2206 /* Frameworks */,
				AE5DE68621D0943D005F2206 /* Resources */,
			);
			buildRules = (
			);
			dependencies = (
			);
			name = "safe-doggo";
			productName = "safe-doggo";
			productReference = AE5DE68821D0943D005F2206 /* safe-doggo.app */;
			productType = "com.apple.product-type.application";
		};
		AE5DE69D21D0943D005F2206 /* safe-doggoTests */ = {
			isa = PBXNativeTarget;
			buildConfigurationList = AE5DE6B521D0943D005F2206 /* Build configuration list for PBXNativeTarget "safe-doggoTests" */;
			buildPhases = (
				AE5DE69A21D0943D005F2206 /* Sources */,
				AE5DE69B21D0943D005F2206 /* Frameworks */,
				AE5DE69C21D0943D005F2206 /* Resources */,
			);
			buildRules = (
			);
			dependencies = (
				AE5DE6A021D0943D005F2206 /* PBXTargetDependency */,
			);
			name = "safe-doggoTests";
			productName = "safe-doggoTests";
			productReference = AE5DE69E21D0943D005F2206 /* safe-doggoTests.xctest */;
			productType = "com.apple.product-type.bundle.unit-test";
		};
		AE5DE6A821D0943D005F2206 /* safe-doggoUITests */ = {
			isa = PBXNativeTarget;
			buildConfigurationList = AE5DE6B821D0943D005F2206 /* Build configuration list for PBXNativeTarget "safe-doggoUITests" */;
			buildPhases = (
				AE5DE6A521D0943D005F2206 /* Sources */,
				AE5DE6A621D0943D005F2206 /* Frameworks */,
				AE5DE6A721D0943D005F2206 /* Resources */,
			);
			buildRules = (
			);
			dependencies = (
				AE5DE6AB21D0943D005F2206 /* PBXTargetDependency */,
			);
			name = "safe-doggoUITests";
			productName = "safe-doggoUITests";
			productReference = AE5DE6A921D0943D005F2206 /* safe-doggoUITests.xctest */;
			productType = "com.apple.product-type.bundle.ui-testing";
		};
/* End PBXNativeTarget section */

/* Begin PBXProject section */
		AE5DE68021D0943D005F2206 /* Project object */ = {
			isa = PBXProject;
			attributes = {
				LastSwiftUpdateCheck = 1010;
				LastUpgradeCheck = 1010;
				ORGANIZATIONNAME = "Jaehyuk Rhee";
				TargetAttributes = {
					AE5DE68721D0943D005F2206 = {
						CreatedOnToolsVersion = 10.1;
					};
					AE5DE69D21D0943D005F2206 = {
						CreatedOnToolsVersion = 10.1;
						TestTargetID = AE5DE68721D0943D005F2206;
					};
					AE5DE6A821D0943D005F2206 = {
						CreatedOnToolsVersion = 10.1;
						TestTargetID = AE5DE68721D0943D005F2206;
					};
				};
			};
			buildConfigurationList = AE5DE68321D0943D005F2206 /* Build configuration list for PBXProject "safe-doggo" */;
			compatibilityVersion = "Xcode 9.3";
			developmentRegion = en;
			hasScannedForEncodings = 0;
			knownRegions = (
				en,
				Base,
			);
			mainGroup = AE5DE67F21D0943D005F2206;
			productRefGroup = AE5DE68921D0943D005F2206 /* Products */;
			projectDirPath = "";
			projectRoot = "";
			targets = (
				AE5DE68721D0943D005F2206 /* safe-doggo */,
				AE5DE69D21D0943D005F2206 /* safe-doggoTests */,
				AE5DE6A821D0943D005F2206 /* safe-doggoUITests */,
			);
		};
/* End PBXProject section */

/* Begin PBXResourcesBuildPhase section */
		AE5DE68621D0943D005F2206 /* Resources */ = {
			isa = PBXResourcesBuildPhase;
			buildActionMask = 2147483647;
			files = (
				AE5DE69821D0943D005F2206 /* LaunchScreen.storyboard in Resources */,
				AE5DE69521D0943D005F2206 /* Assets.xcassets in Resources */,
				AE5DE69321D0943D005F2206 /* Main.storyboard in Resources */,
			);
			runOnlyForDeploymentPostprocessing = 0;
		};
		AE5DE69C21D0943D005F2206 /* Resources */ = {
			isa = PBXResourcesBuildPhase;
			buildActionMask = 2147483647;
			files = (
			);
			runOnlyForDeploymentPostprocessing = 0;
		};
		AE5DE6A721D0943D005F2206 /* Resources */ = {
			isa = PBXResourcesBuildPhase;
			buildActionMask = 2147483647;
			files = (
			);
			runOnlyForDeploymentPostprocessing = 0;
		};
/* End PBXResourcesBuildPhase section */

/* Begin PBXSourcesBuildPhase section */
		AE5DE68421D0943D005F2206 /* Sources */ = {
			isa = PBXSourcesBuildPhase;
			buildActionMask = 2147483647;
			files = (
				AE5DE69021D0943D005F2206 /* SettingViewController.swift in Sources */,
				AE5DE68C21D0943D005F2206 /* AppDelegate.swift in Sources */,
				AE5DE68E21D0943D005F2206 /* HomeViewController.swift in Sources */,
			);
			runOnlyForDeploymentPostprocessing = 0;
		};
		AE5DE69A21D0943D005F2206 /* Sources */ = {
			isa = PBXSourcesBuildPhase;
			buildActionMask = 2147483647;
			files = (
				AE5DE6A321D0943D005F2206 /* safe_doggoTests.swift in Sources */,
			);
			runOnlyForDeploymentPostprocessing = 0;
		};
		AE5DE6A521D0943D005F2206 /* Sources */ = {
			isa = PBXSourcesBuildPhase;
			buildActionMask = 2147483647;
			files = (
				AE5DE6AE21D0943D005F2206 /* safe_doggoUITests.swift in Sources */,
			);
			runOnlyForDeploymentPostprocessing = 0;
		};
/* End PBXSourcesBuildPhase section */

/* Begin PBXTargetDependency section */
		AE5DE6A021D0943D005F2206 /* PBXTargetDependency */ = {
			isa = PBXTargetDependency;
			target = AE5DE68721D0943D005F2206 /* safe-doggo */;
			targetProxy = AE5DE69F21D0943D005F2206 /* PBXContainerItemProxy */;
		};
		AE5DE6AB21D0943D005F2206 /* PBXTargetDependency */ = {
			isa = PBXTargetDependency;
			target = AE5DE68721D0943D005F2206 /* safe-doggo */;
			targetProxy = AE5DE6AA21D0943D005F2206 /* PBXContainerItemProxy */;
		};
/* End PBXTargetDependency section */

/* Begin PBXVariantGroup section */
		AE5DE69121D0943D005F2206 /* Main.storyboard */ = {
			isa = PBXVariantGroup;
			children = (
				AE5DE69221D0943D005F2206 /* Base */,
			);
			name = Main.storyboard;
			sourceTree = "<group>";
		};
		AE5DE69621D0943D005F2206 /* LaunchScreen.storyboard */ = {
			isa = PBXVariantGroup;
			children = (
				AE5DE69721D0943D005F2206 /* Base */,
			);
			name = LaunchScreen.storyboard;
			sourceTree = "<group>";
		};
/* End PBXVariantGroup section */

/* Begin XCBuildConfiguration section */
		AE5DE6B021D0943D005F2206 /* Debug */ = {
			isa = XCBuildConfiguration;
			buildSettings = {
				ALWAYS_SEARCH_USER_PATHS = NO;
				CLANG_ANALYZER_NONNULL = YES;
				CLANG_ANALYZER_NUMBER_OBJECT_CONVERSION = YES_AGGRESSIVE;
				CLANG_CXX_LANGUAGE_STANDARD = "gnu++14";
				CLANG_CXX_LIBRARY = "libc++";
				CLANG_ENABLE_MODULES = YES;
				CLANG_ENABLE_OBJC_ARC = YES;
				CLANG_ENABLE_OBJC_WEAK = YES;
				CLANG_WARN_BLOCK_CAPTURE_AUTORELEASING = YES;
				CLANG_WARN_BOOL_CONVERSION = YES;
				CLANG_WARN_COMMA = YES;
				CLANG_WARN_CONSTANT_CONVERSION = YES;
				CLANG_WARN_DEPRECATED_OBJC_IMPLEMENTATIONS = YES;
				CLANG_WARN_DIRECT_OBJC_ISA_USAGE = YES_ERROR;
				CLANG_WARN_DOCUMENTATION_COMMENTS = YES;
				CLANG_WARN_EMPTY_BODY = YES;
				CLANG_WARN_ENUM_CONVERSION = YES;
				CLANG_WARN_INFINITE_RECURSION = YES;
				CLANG_WARN_INT_CONVERSION = YES;
				CLANG_WARN_NON_LITERAL_NULL_CONVERSION = YES;
				CLANG_WARN_OBJC_IMPLICIT_RETAIN_SELF = YES;
				CLANG_WARN_OBJC_LITERAL_CONVERSION = YES;
				CLANG_WARN_OBJC_ROOT_CLASS = YES_ERROR;
				CLANG_WARN_RANGE_LOOP_ANALYSIS = YES;
				CLANG_WARN_STRICT_PROTOTYPES = YES;
				CLANG_WARN_SUSPICIOUS_MOVE = YES;
				CLANG_WARN_UNGUARDED_AVAILABILITY = YES_AGGRESSIVE;
				CLANG_WARN_UNREACHABLE_CODE = YES;
				CLANG_WARN__DUPLICATE_METHOD_MATCH = YES;
				CODE_SIGN_IDENTITY = "iPhone Developer";
				COPY_PHASE_STRIP = NO;
				DEBUG_INFORMATION_FORMAT = dwarf;
				ENABLE_STRICT_OBJC_MSGSEND = YES;
				ENABLE_TESTABILITY = YES;
				GCC_C_LANGUAGE_STANDARD = gnu11;
				GCC_DYNAMIC_NO_PIC = NO;
				GCC_NO_COMMON_BLOCKS = YES;
				GCC_OPTIMIZATION_LEVEL = 0;
				GCC_PREPROCESSOR_DEFINITIONS = (
					"DEBUG=1",
					"$(inherited)",
				);
				GCC_WARN_64_TO_32_BIT_CONVERSION = YES;
				GCC_WARN_ABOUT_RETURN_TYPE = YES_ERROR;
				GCC_WARN_UNDECLARED_SELECTOR = YES;
				GCC_WARN_UNINITIALIZED_AUTOS = YES_AGGRESSIVE;
				GCC_WARN_UNUSED_FUNCTION = YES;
				GCC_WARN_UNUSED_VARIABLE = YES;
				IPHONEOS_DEPLOYMENT_TARGET = 12.1;
				MTL_ENABLE_DEBUG_INFO = INCLUDE_SOURCE;
				MTL_FAST_MATH = YES;
				ONLY_ACTIVE_ARCH = YES;
				SDKROOT = iphoneos;
				SWIFT_ACTIVE_COMPILATION_CONDITIONS = DEBUG;
				SWIFT_OPTIMIZATION_LEVEL = "-Onone";
			};
			name = Debug;
		};
		AE5DE6B121D0943D005F2206 /* Release */ = {
			isa = XCBuildConfiguration;
			buildSettings = {
				ALWAYS_SEARCH_USER_PATHS = NO;
				CLANG_ANALYZER_NONNULL = YES;
				CLANG_ANALYZER_NUMBER_OBJECT_CONVERSION = YES_AGGRESSIVE;
				CLANG_CXX_LANGUAGE_STANDARD = "gnu++14";
				CLANG_CXX_LIBRARY = "libc++";
				CLANG_ENABLE_MODULES = YES;
				CLANG_ENABLE_OBJC_ARC = YES;
				CLANG_ENABLE_OBJC_WEAK = YES;
				CLANG_WARN_BLOCK_CAPTURE_AUTORELEASING = YES;
				CLANG_WARN_BOOL_CONVERSION = YES;
				CLANG_WARN_COMMA = YES;
				CLANG_WARN_CONSTANT_CONVERSION = YES;
				CLANG_WARN_DEPRECATED_OBJC_IMPLEMENTATIONS = YES;
				CLANG_WARN_DIRECT_OBJC_ISA_USAGE = YES_ERROR;
				CLANG_WARN_DOCUMENTATION_COMMENTS = YES;
				CLANG_WARN_EMPTY_BODY = YES;
				CLANG_WARN_ENUM_CONVERSION = YES;
				CLANG_WARN_INFINITE_RECURSION = YES;
				CLANG_WARN_INT_CONVERSION = YES;
				CLANG_WARN_NON_LITERAL_NULL_CONVERSION = YES;
				CLANG_WARN_OBJC_IMPLICIT_RETAIN_SELF = YES;
				CLANG_WARN_OBJC_LITERAL_CONVERSION = YES;
				CLANG_WARN_OBJC_ROOT_CLASS = YES_ERROR;
				CLANG_WARN_RANGE_LOOP_ANALYSIS = YES;
				CLANG_WARN_STRICT_PROTOTYPES = YES;
				CLANG_WARN_SUSPICIOUS_MOVE = YES;
				CLANG_WARN_UNGUARDED_AVAILABILITY = YES_AGGRESSIVE;
				CLANG_WARN_UNREACHABLE_CODE = YES;
				CLANG_WARN__DUPLICATE_METHOD_MATCH = YES;
				CODE_SIGN_IDENTITY = "iPhone Developer";
				COPY_PHASE_STRIP = NO;
				DEBUG_INFORMATION_FORMAT = "dwarf-with-dsym";
				ENABLE_NS_ASSERTIONS = NO;
				ENABLE_STRICT_OBJC_MSGSEND = YES;
				GCC_C_LANGUAGE_STANDARD = gnu11;
				GCC_NO_COMMON_BLOCKS = YES;
				GCC_WARN_64_TO_32_BIT_CONVERSION = YES;
				GCC_WARN_ABOUT_RETURN_TYPE = YES_ERROR;
				GCC_WARN_UNDECLARED_SELECTOR = YES;
				GCC_WARN_UNINITIALIZED_AUTOS = YES_AGGRESSIVE;
				GCC_WARN_UNUSED_FUNCTION = YES;
				GCC_WARN_UNUSED_VARIABLE = YES;
				IPHONEOS_DEPLOYMENT_TARGET = 12.1;
				MTL_ENABLE_DEBUG_INFO = NO;
				MTL_FAST_MATH = YES;
				SDKROOT = iphoneos;
				SWIFT_COMPILATION_MODE = wholemodule;
				SWIFT_OPTIMIZATION_LEVEL = "-O";
				VALIDATE_PRODUCT = YES;
			};
			name = Release;
		};
		AE5DE6B321D0943D005F2206 /* Debug */ = {
			isa = XCBuildConfiguration;
			buildSettings = {
				ASSETCATALOG_COMPILER_APPICON_NAME = AppIcon;
				CODE_SIGN_STYLE = Automatic;
				INFOPLIST_FILE = "safe-doggo/Info.plist";
				LD_RUNPATH_SEARCH_PATHS = (
					"$(inherited)",
					"@executable_path/Frameworks",
				);
				PRODUCT_BUNDLE_IDENTIFIER = "Jaehyuk-Rhee.safe-doggo";
				PRODUCT_NAME = "$(TARGET_NAME)";
				SWIFT_VERSION = 4.2;
				TARGETED_DEVICE_FAMILY = "1,2";
			};
			name = Debug;
		};
		AE5DE6B421D0943D005F2206 /* Release */ = {
			isa = XCBuildConfiguration;
			buildSettings = {
				ASSETCATALOG_COMPILER_APPICON_NAME = AppIcon;
				CODE_SIGN_STYLE = Automatic;
				INFOPLIST_FILE = "safe-doggo/Info.plist";
				LD_RUNPATH_SEARCH_PATHS = (
					"$(inherited)",
					"@executable_path/Frameworks",
				);
				PRODUCT_BUNDLE_IDENTIFIER = "Jaehyuk-Rhee.safe-doggo";
				PRODUCT_NAME = "$(TARGET_NAME)";
				SWIFT_VERSION = 4.2;
				TARGETED_DEVICE_FAMILY = "1,2";
			};
			name = Release;
		};
		AE5DE6B621D0943D005F2206 /* Debug */ = {
			isa = XCBuildConfiguration;
			buildSettings = {
				ALWAYS_EMBED_SWIFT_STANDARD_LIBRARIES = YES;
				BUNDLE_LOADER = "$(TEST_HOST)";
				CODE_SIGN_STYLE = Automatic;
				INFOPLIST_FILE = "safe-doggoTests/Info.plist";
				LD_RUNPATH_SEARCH_PATHS = (
					"$(inherited)",
					"@executable_path/Frameworks",
					"@loader_path/Frameworks",
				);
				PRODUCT_BUNDLE_IDENTIFIER = "Jaehyuk-Rhee.safe-doggoTests";
				PRODUCT_NAME = "$(TARGET_NAME)";
				SWIFT_VERSION = 4.2;
				TARGETED_DEVICE_FAMILY = "1,2";
				TEST_HOST = "$(BUILT_PRODUCTS_DIR)/safe-doggo.app/safe-doggo";
			};
			name = Debug;
		};
		AE5DE6B721D0943D005F2206 /* Release */ = {
			isa = XCBuildConfiguration;
			buildSettings = {
				ALWAYS_EMBED_SWIFT_STANDARD_LIBRARIES = YES;
				BUNDLE_LOADER = "$(TEST_HOST)";
				CODE_SIGN_STYLE = Automatic;
				INFOPLIST_FILE = "safe-doggoTests/Info.plist";
				LD_RUNPATH_SEARCH_PATHS = (
					"$(inherited)",
					"@executable_path/Frameworks",
					"@loader_path/Frameworks",
				);
				PRODUCT_BUNDLE_IDENTIFIER = "Jaehyuk-Rhee.safe-doggoTests";
				PRODUCT_NAME = "$(TARGET_NAME)";
				SWIFT_VERSION = 4.2;
				TARGETED_DEVICE_FAMILY = "1,2";
				TEST_HOST = "$(BUILT_PRODUCTS_DIR)/safe-doggo.app/safe-doggo";
			};
			name = Release;
		};
		AE5DE6B921D0943D005F2206 /* Debug */ = {
			isa = XCBuildConfiguration;
			buildSettings = {
				ALWAYS_EMBED_SWIFT_STANDARD_LIBRARIES = YES;
				CODE_SIGN_STYLE = Automatic;
				INFOPLIST_FILE = "safe-doggoUITests/Info.plist";
				LD_RUNPATH_SEARCH_PATHS = (
					"$(inherited)",
					"@executable_path/Frameworks",
					"@loader_path/Frameworks",
				);
				PRODUCT_BUNDLE_IDENTIFIER = "Jaehyuk-Rhee.safe-doggoUITests";
				PRODUCT_NAME = "$(TARGET_NAME)";
				SWIFT_VERSION = 4.2;
				TARGETED_DEVICE_FAMILY = "1,2";
				TEST_TARGET_NAME = "safe-doggo";
			};
			name = Debug;
		};
		AE5DE6BA21D0943D005F2206 /* Release */ = {
			isa = XCBuildConfiguration;
			buildSettings = {
				ALWAYS_EMBED_SWIFT_STANDARD_LIBRARIES = YES;
				CODE_SIGN_STYLE = Automatic;
				INFOPLIST_FILE = "safe-doggoUITests/Info.plist";
				LD_RUNPATH_SEARCH_PATHS = (
					"$(inherited)",
					"@executable_path/Frameworks",
					"@loader_path/Frameworks",
				);
				PRODUCT_BUNDLE_IDENTIFIER = "Jaehyuk-Rhee.safe-doggoUITests";
				PRODUCT_NAME = "$(TARGET_NAME)";
				SWIFT_VERSION = 4.2;
				TARGETED_DEVICE_FAMILY = "1,2";
				TEST_TARGET_NAME = "safe-doggo";
			};
			name = Release;
		};
/* End XCBuildConfiguration section */

/* Begin XCConfigurationList section */
		AE5DE68321D0943D005F2206 /* Build configuration list for PBXProject "safe-doggo" */ = {
			isa = XCConfigurationList;
			buildConfigurations = (
				AE5DE6B021D0943D005F2206 /* Debug */,
				AE5DE6B121D0943D005F2206 /* Release */,
			);
			defaultConfigurationIsVisible = 0;
			defaultConfigurationName = Release;
		};
		AE5DE6B221D0943D005F2206 /* Build configuration list for PBXNativeTarget "safe-doggo" */ = {
			isa = XCConfigurationList;
			buildConfigurations = (
				AE5DE6B321D0943D005F2206 /* Debug */,
				AE5DE6B421D0943D005F2206 /* Release */,
			);
			defaultConfigurationIsVisible = 0;
			defaultConfigurationName = Release;
		};
		AE5DE6B521D0943D005F2206 /* Build configuration list for PBXNativeTarget "safe-doggoTests" */ = {
			isa = XCConfigurationList;
			buildConfigurations = (
				AE5DE6B621D0943D005F2206 /* Debug */,
				AE5DE6B721D0943D005F2206 /* Release */,
			);
			defaultConfigurationIsVisible = 0;
			defaultConfigurationName = Release;
		};
		AE5DE6B821D0943D005F2206 /* Build configuration list for PBXNativeTarget "safe-doggoUITests" */ = {
			isa = XCConfigurationList;
			buildConfigurations = (
				AE5DE6B921D0943D005F2206 /* Debug */,
				AE5DE6BA21D0943D005F2206 /* Release */,
			);
			defaultConfigurationIsVisible = 0;
			defaultConfigurationName = Release;
		};
/* End XCConfigurationList section */
	};
	rootObject = AE5DE68021D0943D005F2206 /* Project object */;
}
